Microsoft Visual Studio Solution File, Format Version 12.00
# Visual Studio Version 18
VisualStudioVersion = 18.4.11626.88
MinimumVisualStudioVersion = 10.0.40219.1
Project("{FAE04EC0-301F-11D3-BF4B-00C04F79EFBC}") = "PulseFlow", "PulseFlow.csproj", "{7E26231A-6288-89BF-D6C6-87AE43CB9604}"
EndProject
Project("{FAE04EC0-301F-11D3-BF4B-00C04F79EFBC}") = "PulseFlow.Tests", "tests\PulseFlow.Tests\PulseFlow.Tests.csproj", "{6D4FCB15-C9F9-4D09-90E7-AFE7ACCB19B8}"
EndProject
Project("{FAE04EC0-301F-11D3-BF4B-00C04F79EFBC}") = "PulseFlow.FluentValidation", "integrations\PulseFlow.FluentValidation\PulseFlow.FluentValidation.csproj", "{EBA9B8B2-DA40-4DCA-985A-CB814D86AB74}"
EndProject
Project("{FAE04EC0-301F-11D3-BF4B-00C04F79EFBC}") = "PulseFlow.AspNetCore", "integrations\PulseFlow.AspNetCore\PulseFlow.AspNetCore.csproj", "{3F30F325-6D78-4EE6-97C0-46E58E495C18}"
EndProject
Global
	GlobalSection(SolutionConfigurationPlatforms) = preSolution
		Debug|Any CPU = Debug|Any CPU
		Release|Any CPU = Release|Any CPU
	EndGlobalSection
	GlobalSection(ProjectConfigurationPlatforms) = postSolution
		{7E26231A-6288-89BF-D6C6-87AE43CB9604}.Debug|Any CPU.ActiveCfg = Debug|Any CPU
		{7E26231A-6288-89BF-D6C6-87AE43CB9604}.Debug|Any CPU.Build.0 = Debug|Any CPU
		{7E26231A-6288-89BF-D6C6-87AE43CB9604}.Release|Any CPU.ActiveCfg = Release|Any CPU
		{7E26231A-6288-89BF-D6C6-87AE43CB9604}.Release|Any CPU.Build.0 = Release|Any CPU
		{6D4FCB15-C9F9-4D09-90E7-AFE7ACCB19B8}.Debug|Any CPU.ActiveCfg = Debug|Any CPU
		{6D4FCB15-C9F9-4D09-90E7-AFE7ACCB19B8}.Debug|Any CPU.Build.0 = Debug|Any CPU
		{6D4FCB15-C9F9-4D09-90E7-AFE7ACCB19B8}.Release|Any CPU.ActiveCfg = Release|Any CPU
		{6D4FCB15-C9F9-4D09-90E7-AFE7ACCB19B8}.Release|Any CPU.Build.0 = Release|Any CPU
		{EBA9B8B2-DA40-4DCA-985A-CB814D86AB74}.Debug|Any CPU.ActiveCfg = Debug|Any CPU
		{EBA9B8B2-DA40-4DCA-985A-CB814D86AB74}.Debug|Any CPU.Build.0 = Debug|Any CPU
		{EBA9B8B2-DA40-4DCA-985A-CB814D86AB74}.Release|Any CPU.ActiveCfg = Release|Any CPU
		{EBA9B8B2-DA40-4DCA-985A-CB814D86AB74}.Release|Any CPU.Build.0 = Release|Any CPU
		{3F30F325-6D78-4EE6-97C0-46E58E495C18}.Debug|Any CPU.ActiveCfg = Debug|Any CPU
		{3F30F325-6D78-4EE6-97C0-46E58E495C18}.Debug|Any CPU.Build.0 = Debug|Any CPU
		{3F30F325-6D78-4EE6-97C0-46E58E495C18}.Release|Any CPU.ActiveCfg = Release|Any CPU
		{3F30F325-6D78-4EE6-97C0-46E58E495C18}.Release|Any CPU.Build.0 = Release|Any CPU
	EndGlobalSection
	GlobalSection(SolutionProperties) = preSolution
		HideSolutionNode = FALSE
	EndGlobalSection
	GlobalSection(ExtensibilityGlobals) = postSolution
		SolutionGuid = {D8B7E53B-7C8F-4E72-AF8C-E8CD5760B0BE}
	EndGlobalSection
EndGlobal
